lockfileVersion: '9.0'

settings:
  autoInstallPeers: true
  excludeLinksFromLockfile: false

importers:

  .:
    dependencies:
      driver.js:
        specifier: ^1.8.0
        version: 1.8.0

packages:

  driver.js@1.8.0:
    resolution: {integrity: sha512-+8/IO7h1v14IzWh2GP60N7T3PFZweXwdn5e5POuxRSBoCYUojsBxzqawPeXh3YZIibRy7EehYNEyxe7slwwtdg==}

snapshots:

  driver.js@1.8.0: {}
